
Microsoft Visual Studio Solution File, Format Version 12.00
# Visual Studio Version 17
VisualStudioVersion = 17.2.32630.192
MinimumVisualStudioVersion = 10.0.40219.1
Project("{FAE04EC0-301F-11D3-BF4B-00C04F79EFBC}") = "GenericsProblem", "GenericsProblem\GenericsProblem.csproj", "{EDF7C4C2-DFDE-438D-90C5-50232D9F99C1}"
EndProject
Global
	GlobalSection(SolutionConfigurationPlatforms) = preSolution
		Debug|Any CPU = Debug|Any CPU
		Release|Any CPU = Release|Any CPU
	EndGlobalSection
	GlobalSection(ProjectConfigurationPlatforms) = postSolution
		{EDF7C4C2-DFDE-438D-90C5-50232D9F99C1}.Debug|Any CPU.ActiveCfg = Debug|Any CPU
		{EDF7C4C2-DFDE-438D-90C5-50232D9F99C1}.Debug|Any CPU.Build.0 = Debug|Any CPU
		{EDF7C4C2-DFDE-438D-90C5-50232D9F99C1}.Release|Any CPU.ActiveCfg = Release|Any CPU
		{EDF7C4C2-DFDE-438D-90C5-50232D9F99C1}.Release|Any CPU.Build.0 = Release|Any CPU
	EndGlobalSection
	GlobalSection(SolutionProperties) = preSolution
		HideSolutionNode = FALSE
	EndGlobalSection
	GlobalSection(ExtensibilityGlobals) = postSolution
		SolutionGuid = {910CF090-1DFC-4579-9252-3E08E57DCFC9}
	EndGlobalSection
EndGlobal
